
Microsoft Visual Studio Solution File, Format Version 12.00
# Visual Studio Version 17
VisualStudioVersion = 17.7.34018.315
MinimumVisualStudioVersion = 10.0.40219.1
Project("{FAE04EC0-301F-11D3-BF4B-00C04F79EFBC}") = "N5PMQLPH", "N5PMQLPH\N5PMQLPH.csproj", "{6CB0074F-7CD2-4204-B219-FF6F277C4C8C}"
EndProject
Global
	GlobalSection(SolutionConfigurationPlatforms) = preSolution
		Debug|Any CPU = Debug|Any CPU
		Release|Any CPU = Release|Any CPU
	EndGlobalSection
	GlobalSection(ProjectConfigurationPlatforms) = postSolution
		{6CB0074F-7CD2-4204-B219-FF6F277C4C8C}.Debug|Any CPU.ActiveCfg = Debug|Any CPU
		{6CB0074F-7CD2-4204-B219-FF6F277C4C8C}.Debug|Any CPU.Build.0 = Debug|Any CPU
		{6CB0074F-7CD2-4204-B219-FF6F277C4C8C}.Release|Any CPU.ActiveCfg = Release|Any CPU
		{6CB0074F-7CD2-4204-B219-FF6F277C4C8C}.Release|Any CPU.Build.0 = Release|Any CPU
	EndGlobalSection
	GlobalSection(SolutionProperties) = preSolution
		HideSolutionNode = FALSE
	EndGlobalSection
	GlobalSection(ExtensibilityGlobals) = postSolution
		SolutionGuid = {061569DA-9148-4CB8-8170-1867E06FCB3C}
	EndGlobalSection
EndGlobal
